
Microsoft Visual Studio Solution File, Format Version 12.00
# Visual Studio Version 16
VisualStudioVersion = 16.0.29920.165
MinimumVisualStudioVersion = 10.0.40219.1
Project("{9A19103F-16F7-4668-BE54-9A1E7A4F7556}") = "Acnys.Core", "Acnys.Core\Acnys.Core.csproj", "{32466C17-C6A8-4FAC-87C7-1C3C91DDC754}"
EndProject
Project("{2150E333-8FDC-42A3-9474-1A3956D46DE8}") = "Request", "Request", "{26C64086-DBBF-4C2D-82C4-2FBAB98B792F}"
EndProject
Project("{9A19103F-16F7-4668-BE54-9A1E7A4F7556}") = "Acnys.Request", "Acnys.Request\Acnys.Request.csproj", "{0E91884D-AD9B-425C-898D-69BD4F40537F}"
EndProject
Project("{9A19103F-16F7-4668-BE54-9A1E7A4F7556}") = "Acnys.Correlation", "Acnys.Correlation\Acnys.Correlation.csproj", "{D921D493-F46C-4A36-9154-851F3CA76492}"
EndProject
Project("{9A19103F-16F7-4668-BE54-9A1E7A4F7556}") = "Acnys.Request.Abstractions", "Acnys.Request.Abstractions\Acnys.Request.Abstractions.csproj", "{89E8AD4F-CF1F-4962-B583-200198AE0827}"
EndProject
Project("{FAE04EC0-301F-11D3-BF4B-00C04F79EFBC}") = "Acnys.Request.Tests", "Acnys.Request.Tests\Acnys.Request.Tests.csproj", "{A93A75A4-E315-48BE-B6D3-7E8042D0BFBB}"
EndProject
Project("{FAE04EC0-301F-11D3-BF4B-00C04F79EFBC}") = "Acnys.Request.Rabbit", "Acnys.Request.Rabbit\Acnys.Request.Rabbit.csproj", "{A4808A36-0099-46C6-9458-1F6609170230}"
EndProject
Project("{FAE04EC0-301F-11D3-BF4B-00C04F79EFBC}") = "Acnys.RabbitMQ", "Acnys.RabbitMQ\Acnys.RabbitMQ.csproj", "{943AAFB0-1C84-4528-B153-E974ABECE5C3}"
EndProject
Project("{FAE04EC0-301F-11D3-BF4B-00C04F79EFBC}") = "Acnys.RabbitMQ.Tests", "Acnys.RabbitMQ.Tests\Acnys.RabbitMQ.Tests.csproj", "{20F66224-3AC0-401E-A503-F513F0686917}"
EndProject
Project("{2150E333-8FDC-42A3-9474-1A3956D46DE8}") = "Core", "Core", "{FEC2ED3D-A383-46CB-ABD5-202B37A16380}"
EndProject
Project("{2150E333-8FDC-42A3-9474-1A3956D46DE8}") = "RabbitMQ", "RabbitMQ", "{4F4AE24D-4446-4BC3-A5FA-B7C0F73A3124}"
EndProject
Project("{2150E333-8FDC-42A3-9474-1A3956D46DE8}") = "MQTT", "MQTT", "{4AC6DA0C-1C2F-4B65-A2D0-396B76C20CD4}"
EndProject
Project("{FAE04EC0-301F-11D3-BF4B-00C04F79EFBC}") = "Acnys.Mqtt", "Acnys.Mqtt\Acnys.Mqtt.csproj", "{69D8EE49-D53A-43A0-8AF4-D7D848AAEF45}"
EndProject
Project("{FAE04EC0-301F-11D3-BF4B-00C04F79EFBC}") = "Acnys.Request.Autofac", "Acnys.Request.Autofac\Acnys.Request.Autofac.csproj", "{E0F2CC98-628C-4146-BFD9-D970978C2904}"
EndProject
Global
	GlobalSection(SolutionConfigurationPlatforms) = preSolution
		Debug|Any CPU = Debug|Any CPU
		Release|Any CPU = Release|Any CPU
	EndGlobalSection
	GlobalSection(ProjectConfigurationPlatforms) = postSolution
		{32466C17-C6A8-4FAC-87C7-1C3C91DDC754}.Debug|Any CPU.ActiveCfg = Debug|Any CPU
		{32466C17-C6A8-4FAC-87C7-1C3C91DDC754}.Debug|Any CPU.Build.0 = Debug|Any CPU
		{32466C17-C6A8-4FAC-87C7-1C3C91DDC754}.Release|Any CPU.ActiveCfg = Release|Any CPU
		{32466C17-C6A8-4FAC-87C7-1C3C91DDC754}.Release|Any CPU.Build.0 = Release|Any CPU
		{0E91884D-AD9B-425C-898D-69BD4F40537F}.Debug|Any CPU.ActiveCfg = Debug|Any CPU
		{0E91884D-AD9B-425C-898D-69BD4F40537F}.Debug|Any CPU.Build.0 = Debug|Any CPU
		{0E91884D-AD9B-425C-898D-69BD4F40537F}.Release|Any CPU.ActiveCfg = Release|Any CPU
		{0E91884D-AD9B-425C-898D-69BD4F40537F}.Release|Any CPU.Build.0 = Release|Any CPU
		{D921D493-F46C-4A36-9154-851F3CA76492}.Debug|Any CPU.ActiveCfg = Debug|Any CPU
		{D921D493-F46C-4A36-9154-851F3CA76492}.Debug|Any CPU.Build.0 = Debug|Any CPU
		{D921D493-F46C-4A36-9154-851F3CA76492}.Release|Any CPU.ActiveCfg = Release|Any CPU
		{D921D493-F46C-4A36-9154-851F3CA76492}.Release|Any CPU.Build.0 = Release|Any CPU
		{89E8AD4F-CF1F-4962-B583-200198AE0827}.Debug|Any CPU.ActiveCfg = Debug|Any CPU
		{89E8AD4F-CF1F-4962-B583-200198AE0827}.Debug|Any CPU.Build.0 = Debug|Any CPU
		{89E8AD4F-CF1F-4962-B583-200198AE0827}.Release|Any CPU.ActiveCfg = Release|Any CPU
		{89E8AD4F-CF1F-4962-B583-200198AE0827}.Release|Any CPU.Build.0 = Release|Any CPU
		{A93A75A4-E315-48BE-B6D3-7E8042D0BFBB}.Debug|Any CPU.ActiveCfg = Debug|Any CPU
		{A93A75A4-E315-48BE-B6D3-7E8042D0BFBB}.Debug|Any CPU.Build.0 = Debug|Any CPU
		{A93A75A4-E315-48BE-B6D3-7E8042D0BFBB}.Release|Any CPU.ActiveCfg = Release|Any CPU
		{A93A75A4-E315-48BE-B6D3-7E8042D0BFBB}.Release|Any CPU.Build.0 = Release|Any CPU
		{A4808A36-0099-46C6-9458-1F6609170230}.Debug|Any CPU.ActiveCfg = Debug|Any CPU
		{A4808A36-0099-46C6-9458-1F6609170230}.Debug|Any CPU.Build.0 = Debug|Any CPU
		{A4808A36-0099-46C6-9458-1F6609170230}.Release|Any CPU.ActiveCfg = Release|Any CPU
		{A4808A36-0099-46C6-9458-1F6609170230}.Release|Any CPU.Build.0 = Release|Any CPU
		{943AAFB0-1C84-4528-B153-E974ABECE5C3}.Debug|Any CPU.ActiveCfg = Debug|Any CPU
		{943AAFB0-1C84-4528-B153-E974ABECE5C3}.Debug|Any CPU.Build.0 = Debug|Any CPU
		{943AAFB0-1C84-4528-B153-E974ABECE5C3}.Release|Any CPU.ActiveCfg = Release|Any CPU
		{943AAFB0-1C84-4528-B153-E974ABECE5C3}.Release|Any CPU.Build.0 = Release|Any CPU
		{20F66224-3AC0-401E-A503-F513F0686917}.Debug|Any CPU.ActiveCfg = Debug|Any CPU
		{20F66224-3AC0-401E-A503-F513F0686917}.Debug|Any CPU.Build.0 = Debug|Any CPU
		{20F66224-3AC0-401E-A503-F513F0686917}.Release|Any CPU.ActiveCfg = Release|Any CPU
		{20F66224-3AC0-401E-A503-F513F0686917}.Release|Any CPU.Build.0 = Release|Any CPU
		{69D8EE49-D53A-43A0-8AF4-D7D848AAEF45}.Debug|Any CPU.ActiveCfg = Debug|Any CPU
		{69D8EE49-D53A-43A0-8AF4-D7D848AAEF45}.Debug|Any CPU.Build.0 = Debug|Any CPU
		{69D8EE49-D53A-43A0-8AF4-D7D848AAEF45}.Release|Any CPU.ActiveCfg = Release|Any CPU
		{69D8EE49-D53A-43A0-8AF4-D7D848AAEF45}.Release|Any CPU.Build.0 = Release|Any CPU
		{E0F2CC98-628C-4146-BFD9-D970978C2904}.Debug|Any CPU.ActiveCfg = Debug|Any CPU
		{E0F2CC98-628C-4146-BFD9-D970978C2904}.Debug|Any CPU.Build.0 = Debug|Any CPU
		{E0F2CC98-628C-4146-BFD9-D970978C2904}.Release|Any CPU.ActiveCfg = Release|Any CPU
		{E0F2CC98-628C-4146-BFD9-D970978C2904}.Release|Any CPU.Build.0 = Release|Any CPU
	EndGlobalSection
	GlobalSection(SolutionProperties) = preSolution
		HideSolutionNode = FALSE
	EndGlobalSection
	GlobalSection(NestedProjects) = preSolution
		{32466C17-C6A8-4FAC-87C7-1C3C91DDC754} = {FEC2ED3D-A383-46CB-ABD5-202B37A16380}
		{0E91884D-AD9B-425C-898D-69BD4F40537F} = {26C64086-DBBF-4C2D-82C4-2FBAB98B792F}
		{D921D493-F46C-4A36-9154-851F3CA76492} = {26C64086-DBBF-4C2D-82C4-2FBAB98B792F}
		{89E8AD4F-CF1F-4962-B583-200198AE0827} = {26C64086-DBBF-4C2D-82C4-2FBAB98B792F}
		{A93A75A4-E315-48BE-B6D3-7E8042D0BFBB} = {26C64086-DBBF-4C2D-82C4-2FBAB98B792F}
		{A4808A36-0099-46C6-9458-1F6609170230} = {26C64086-DBBF-4C2D-82C4-2FBAB98B792F}
		{943AAFB0-1C84-4528-B153-E974ABECE5C3} = {4F4AE24D-4446-4BC3-A5FA-B7C0F73A3124}
		{20F66224-3AC0-401E-A503-F513F0686917} = {4F4AE24D-4446-4BC3-A5FA-B7C0F73A3124}
		{69D8EE49-D53A-43A0-8AF4-D7D848AAEF45} = {4AC6DA0C-1C2F-4B65-A2D0-396B76C20CD4}
		{E0F2CC98-628C-4146-BFD9-D970978C2904} = {26C64086-DBBF-4C2D-82C4-2FBAB98B792F}
	EndGlobalSection
	GlobalSection(ExtensibilityGlobals) = postSolution
		SolutionGuid = {3BD55648-D11B-4884-8C02-9E42AAF16952}
	EndGlobalSection
EndGlobal
