
Microsoft Visual Studio Solution File, Format Version 12.00
# Visual Studio Version 16
VisualStudioVersion = 16.0.29920.165
MinimumVisualStudioVersion = 10.0.40219.1
Project("{FAE04EC0-301F-11D3-BF4B-00C04F79EFBC}") = "Acnys.Core", "Acnys.Core\Acnys.Core.csproj", "{50D23BBF-835E-46F9-BE24-ABE996EC30E9}"
EndProject
Project("{FAE04EC0-301F-11D3-BF4B-00C04F79EFBC}") = "Acnys.Core.Tests", "Acnys.Core.Tests\Acnys.Core.Tests.csproj", "{1F641E3E-8B40-4F10-A7A6-BFD43BF1E1A0}"
EndProject
Project("{FAE04EC0-301F-11D3-BF4B-00C04F79EFBC}") = "Acnys.Core.Application", "Acnys.Core.Application\Acnys.Core.Application.csproj", "{9162D71B-18C9-4436-BB32-2CFE155A9711}"
EndProject
Project("{FAE04EC0-301F-11D3-BF4B-00C04F79EFBC}") = "Acnys.Core.Infrastructure", "Acnys.Core.Infrastructure\Acnys.Core.Infrastructure.csproj", "{C80BC5B5-7C57-49E9-A197-6F65346082F2}"
EndProject
Project("{FAE04EC0-301F-11D3-BF4B-00C04F79EFBC}") = "Acnys.Core.Domain", "Acnys.Core.Domain\Acnys.Core.Domain.csproj", "{092B3373-A83B-4415-8291-6CC3BBEDB33E}"
EndProject
Project("{2150E333-8FDC-42A3-9474-1A3956D46DE8}") = "Reference application", "Reference application", "{08956D65-94AC-4239-9CF2-60B0783FBE2E}"
EndProject
Project("{FAE04EC0-301F-11D3-BF4B-00C04F79EFBC}") = "Api", "Api\Api.csproj", "{830BCF6A-68D9-45CA-8578-54EC478FDF00}"
EndProject
Project("{FAE04EC0-301F-11D3-BF4B-00C04F79EFBC}") = "Application", "Application\Application.csproj", "{13839F1A-9854-4AFC-94E5-C8F1BC0D1460}"
EndProject
Project("{FAE04EC0-301F-11D3-BF4B-00C04F79EFBC}") = "Domain", "Domain\Domain.csproj", "{66CCF06E-D2CC-4486-87A6-3D13B55D5BCC}"
EndProject
Project("{FAE04EC0-301F-11D3-BF4B-00C04F79EFBC}") = "Api.Events", "Api.Events\Api.Events.csproj", "{010ED730-B892-4CC7-BD7A-370586073F89}"
EndProject
Project("{FAE04EC0-301F-11D3-BF4B-00C04F79EFBC}") = "Acnys.AspNet", "Acnys.AspNet\Acnys.AspNet.csproj", "{2B005AD6-C581-422D-8DAD-34219BC423B2}"
EndProject
Global
	GlobalSection(SolutionConfigurationPlatforms) = preSolution
		Debug|Any CPU = Debug|Any CPU
		Release|Any CPU = Release|Any CPU
	EndGlobalSection
	GlobalSection(ProjectConfigurationPlatforms) = postSolution
		{50D23BBF-835E-46F9-BE24-ABE996EC30E9}.Debug|Any CPU.ActiveCfg = Debug|Any CPU
		{50D23BBF-835E-46F9-BE24-ABE996EC30E9}.Debug|Any CPU.Build.0 = Debug|Any CPU
		{50D23BBF-835E-46F9-BE24-ABE996EC30E9}.Release|Any CPU.ActiveCfg = Release|Any CPU
		{50D23BBF-835E-46F9-BE24-ABE996EC30E9}.Release|Any CPU.Build.0 = Release|Any CPU
		{1F641E3E-8B40-4F10-A7A6-BFD43BF1E1A0}.Debug|Any CPU.ActiveCfg = Debug|Any CPU
		{1F641E3E-8B40-4F10-A7A6-BFD43BF1E1A0}.Debug|Any CPU.Build.0 = Debug|Any CPU
		{1F641E3E-8B40-4F10-A7A6-BFD43BF1E1A0}.Release|Any CPU.ActiveCfg = Release|Any CPU
		{1F641E3E-8B40-4F10-A7A6-BFD43BF1E1A0}.Release|Any CPU.Build.0 = Release|Any CPU
		{9162D71B-18C9-4436-BB32-2CFE155A9711}.Debug|Any CPU.ActiveCfg = Debug|Any CPU
		{9162D71B-18C9-4436-BB32-2CFE155A9711}.Debug|Any CPU.Build.0 = Debug|Any CPU
		{9162D71B-18C9-4436-BB32-2CFE155A9711}.Release|Any CPU.ActiveCfg = Release|Any CPU
		{9162D71B-18C9-4436-BB32-2CFE155A9711}.Release|Any CPU.Build.0 = Release|Any CPU
		{C80BC5B5-7C57-49E9-A197-6F65346082F2}.Debug|Any CPU.ActiveCfg = Debug|Any CPU
		{C80BC5B5-7C57-49E9-A197-6F65346082F2}.Debug|Any CPU.Build.0 = Debug|Any CPU
		{C80BC5B5-7C57-49E9-A197-6F65346082F2}.Release|Any CPU.ActiveCfg = Release|Any CPU
		{C80BC5B5-7C57-49E9-A197-6F65346082F2}.Release|Any CPU.Build.0 = Release|Any CPU
		{092B3373-A83B-4415-8291-6CC3BBEDB33E}.Debug|Any CPU.ActiveCfg = Debug|Any CPU
		{092B3373-A83B-4415-8291-6CC3BBEDB33E}.Debug|Any CPU.Build.0 = Debug|Any CPU
		{092B3373-A83B-4415-8291-6CC3BBEDB33E}.Release|Any CPU.ActiveCfg = Release|Any CPU
		{092B3373-A83B-4415-8291-6CC3BBEDB33E}.Release|Any CPU.Build.0 = Release|Any CPU
		{830BCF6A-68D9-45CA-8578-54EC478FDF00}.Debug|Any CPU.ActiveCfg = Debug|Any CPU
		{830BCF6A-68D9-45CA-8578-54EC478FDF00}.Debug|Any CPU.Build.0 = Debug|Any CPU
		{830BCF6A-68D9-45CA-8578-54EC478FDF00}.Release|Any CPU.ActiveCfg = Release|Any CPU
		{830BCF6A-68D9-45CA-8578-54EC478FDF00}.Release|Any CPU.Build.0 = Release|Any CPU
		{13839F1A-9854-4AFC-94E5-C8F1BC0D1460}.Debug|Any CPU.ActiveCfg = Debug|Any CPU
		{13839F1A-9854-4AFC-94E5-C8F1BC0D1460}.Debug|Any CPU.Build.0 = Debug|Any CPU
		{13839F1A-9854-4AFC-94E5-C8F1BC0D1460}.Release|Any CPU.ActiveCfg = Release|Any CPU
		{13839F1A-9854-4AFC-94E5-C8F1BC0D1460}.Release|Any CPU.Build.0 = Release|Any CPU
		{66CCF06E-D2CC-4486-87A6-3D13B55D5BCC}.Debug|Any CPU.ActiveCfg = Debug|Any CPU
		{66CCF06E-D2CC-4486-87A6-3D13B55D5BCC}.Debug|Any CPU.Build.0 = Debug|Any CPU
		{66CCF06E-D2CC-4486-87A6-3D13B55D5BCC}.Release|Any CPU.ActiveCfg = Release|Any CPU
		{66CCF06E-D2CC-4486-87A6-3D13B55D5BCC}.Release|Any CPU.Build.0 = Release|Any CPU
		{010ED730-B892-4CC7-BD7A-370586073F89}.Debug|Any CPU.ActiveCfg = Debug|Any CPU
		{010ED730-B892-4CC7-BD7A-370586073F89}.Debug|Any CPU.Build.0 = Debug|Any CPU
		{010ED730-B892-4CC7-BD7A-370586073F89}.Release|Any CPU.ActiveCfg = Release|Any CPU
		{010ED730-B892-4CC7-BD7A-370586073F89}.Release|Any CPU.Build.0 = Release|Any CPU
		{2B005AD6-C581-422D-8DAD-34219BC423B2}.Debug|Any CPU.ActiveCfg = Debug|Any CPU
		{2B005AD6-C581-422D-8DAD-34219BC423B2}.Debug|Any CPU.Build.0 = Debug|Any CPU
		{2B005AD6-C581-422D-8DAD-34219BC423B2}.Release|Any CPU.ActiveCfg = Release|Any CPU
		{2B005AD6-C581-422D-8DAD-34219BC423B2}.Release|Any CPU.Build.0 = Release|Any CPU
	EndGlobalSection
	GlobalSection(SolutionProperties) = preSolution
		HideSolutionNode = FALSE
	EndGlobalSection
	GlobalSection(NestedProjects) = preSolution
		{830BCF6A-68D9-45CA-8578-54EC478FDF00} = {08956D65-94AC-4239-9CF2-60B0783FBE2E}
		{13839F1A-9854-4AFC-94E5-C8F1BC0D1460} = {08956D65-94AC-4239-9CF2-60B0783FBE2E}
		{66CCF06E-D2CC-4486-87A6-3D13B55D5BCC} = {08956D65-94AC-4239-9CF2-60B0783FBE2E}
		{010ED730-B892-4CC7-BD7A-370586073F89} = {08956D65-94AC-4239-9CF2-60B0783FBE2E}
	EndGlobalSection
	GlobalSection(ExtensibilityGlobals) = postSolution
		SolutionGuid = {09393C89-FE52-469F-ADA9-58FF9F1D3FAD}
	EndGlobalSection
EndGlobal
