
Microsoft Visual Studio Solution File, Format Version 12.00
# Visual Studio Version 16
VisualStudioVersion = 16.0.29519.87
MinimumVisualStudioVersion = 10.0.40219.1
Project("{FAE04EC0-301F-11D3-BF4B-00C04F79EFBC}") = "Acnys.Web", "Acnys.Web\Acnys.Web.csproj", "{DF3E3709-18D8-427E-9596-3C58BE25BC65}"
EndProject
Project("{FAE04EC0-301F-11D3-BF4B-00C04F79EFBC}") = "Acnys.ConsoleHost", "Acnys.Console\Acnys.ConsoleHost.csproj", "{5479C78F-C7F6-4775-B4D8-6C54F2D7C588}"
EndProject
Project("{2150E333-8FDC-42A3-9474-1A3956D46DE8}") = "Core", "Core", "{D668F007-1CB7-455A-968A-99D96B0D9BCF}"
EndProject
Project("{2150E333-8FDC-42A3-9474-1A3956D46DE8}") = "Hosting", "Hosting", "{47A251EB-3F41-40D9-A39E-B226FDF09373}"
EndProject
Project("{FAE04EC0-301F-11D3-BF4B-00C04F79EFBC}") = "Acnys.Core", "Acnys.Core\Acnys.Core.csproj", "{B9B786EC-EA38-41DB-994A-27D38F92E46F}"
EndProject
Project("{2150E333-8FDC-42A3-9474-1A3956D46DE8}") = "Sample", "Sample", "{2DE93F54-89A6-4DD1-BE58-339EBBCE4E40}"
EndProject
Project("{9A19103F-16F7-4668-BE54-9A1E7A4F7556}") = "Sample.Api", "Sample\Sample.Api\Sample.Api.csproj", "{EE9C0145-466F-46E6-9D01-568F4604D07A}"
EndProject
Project("{9A19103F-16F7-4668-BE54-9A1E7A4F7556}") = "Sample.Application", "Sample\Sample.Application\Sample.Application.csproj", "{6215E135-E9C3-4DA8-A9D8-11E80C1823A6}"
EndProject
Project("{9A19103F-16F7-4668-BE54-9A1E7A4F7556}") = "Sample.Domain", "Sample\Sample.Domain\Sample.Domain.csproj", "{8A0E3160-3C65-4048-B921-55D65867AA55}"
EndProject
Project("{9A19103F-16F7-4668-BE54-9A1E7A4F7556}") = "Sample.ReadModel", "Sample\Sample.ReadModel\Sample.ReadModel.csproj", "{E5F5215D-8C3B-4130-85D1-114152384AF4}"
EndProject
Project("{FAE04EC0-301F-11D3-BF4B-00C04F79EFBC}") = "Acnys.Core.Hosting", "Acnys.Core.Hosting\Acnys.Core.Hosting.csproj", "{E484FE9C-3CF8-4CEB-A543-9A2F9E007D29}"
EndProject
Global
	GlobalSection(SolutionConfigurationPlatforms) = preSolution
		Debug|Any CPU = Debug|Any CPU
		Release|Any CPU = Release|Any CPU
	EndGlobalSection
	GlobalSection(ProjectConfigurationPlatforms) = postSolution
		{DF3E3709-18D8-427E-9596-3C58BE25BC65}.Debug|Any CPU.ActiveCfg = Debug|Any CPU
		{DF3E3709-18D8-427E-9596-3C58BE25BC65}.Debug|Any CPU.Build.0 = Debug|Any CPU
		{DF3E3709-18D8-427E-9596-3C58BE25BC65}.Release|Any CPU.ActiveCfg = Release|Any CPU
		{DF3E3709-18D8-427E-9596-3C58BE25BC65}.Release|Any CPU.Build.0 = Release|Any CPU
		{5479C78F-C7F6-4775-B4D8-6C54F2D7C588}.Debug|Any CPU.ActiveCfg = Debug|Any CPU
		{5479C78F-C7F6-4775-B4D8-6C54F2D7C588}.Debug|Any CPU.Build.0 = Debug|Any CPU
		{5479C78F-C7F6-4775-B4D8-6C54F2D7C588}.Release|Any CPU.ActiveCfg = Release|Any CPU
		{5479C78F-C7F6-4775-B4D8-6C54F2D7C588}.Release|Any CPU.Build.0 = Release|Any CPU
		{B9B786EC-EA38-41DB-994A-27D38F92E46F}.Debug|Any CPU.ActiveCfg = Debug|Any CPU
		{B9B786EC-EA38-41DB-994A-27D38F92E46F}.Debug|Any CPU.Build.0 = Debug|Any CPU
		{B9B786EC-EA38-41DB-994A-27D38F92E46F}.Release|Any CPU.ActiveCfg = Release|Any CPU
		{B9B786EC-EA38-41DB-994A-27D38F92E46F}.Release|Any CPU.Build.0 = Release|Any CPU
		{EE9C0145-466F-46E6-9D01-568F4604D07A}.Debug|Any CPU.ActiveCfg = Debug|Any CPU
		{EE9C0145-466F-46E6-9D01-568F4604D07A}.Debug|Any CPU.Build.0 = Debug|Any CPU
		{EE9C0145-466F-46E6-9D01-568F4604D07A}.Release|Any CPU.ActiveCfg = Release|Any CPU
		{EE9C0145-466F-46E6-9D01-568F4604D07A}.Release|Any CPU.Build.0 = Release|Any CPU
		{6215E135-E9C3-4DA8-A9D8-11E80C1823A6}.Debug|Any CPU.ActiveCfg = Debug|Any CPU
		{6215E135-E9C3-4DA8-A9D8-11E80C1823A6}.Debug|Any CPU.Build.0 = Debug|Any CPU
		{6215E135-E9C3-4DA8-A9D8-11E80C1823A6}.Release|Any CPU.ActiveCfg = Release|Any CPU
		{6215E135-E9C3-4DA8-A9D8-11E80C1823A6}.Release|Any CPU.Build.0 = Release|Any CPU
		{8A0E3160-3C65-4048-B921-55D65867AA55}.Debug|Any CPU.ActiveCfg = Debug|Any CPU
		{8A0E3160-3C65-4048-B921-55D65867AA55}.Debug|Any CPU.Build.0 = Debug|Any CPU
		{8A0E3160-3C65-4048-B921-55D65867AA55}.Release|Any CPU.ActiveCfg = Release|Any CPU
		{8A0E3160-3C65-4048-B921-55D65867AA55}.Release|Any CPU.Build.0 = Release|Any CPU
		{E5F5215D-8C3B-4130-85D1-114152384AF4}.Debug|Any CPU.ActiveCfg = Debug|Any CPU
		{E5F5215D-8C3B-4130-85D1-114152384AF4}.Debug|Any CPU.Build.0 = Debug|Any CPU
		{E5F5215D-8C3B-4130-85D1-114152384AF4}.Release|Any CPU.ActiveCfg = Release|Any CPU
		{E5F5215D-8C3B-4130-85D1-114152384AF4}.Release|Any CPU.Build.0 = Release|Any CPU
		{E484FE9C-3CF8-4CEB-A543-9A2F9E007D29}.Debug|Any CPU.ActiveCfg = Debug|Any CPU
		{E484FE9C-3CF8-4CEB-A543-9A2F9E007D29}.Debug|Any CPU.Build.0 = Debug|Any CPU
		{E484FE9C-3CF8-4CEB-A543-9A2F9E007D29}.Release|Any CPU.ActiveCfg = Release|Any CPU
		{E484FE9C-3CF8-4CEB-A543-9A2F9E007D29}.Release|Any CPU.Build.0 = Release|Any CPU
	EndGlobalSection
	GlobalSection(SolutionProperties) = preSolution
		HideSolutionNode = FALSE
	EndGlobalSection
	GlobalSection(NestedProjects) = preSolution
		{DF3E3709-18D8-427E-9596-3C58BE25BC65} = {47A251EB-3F41-40D9-A39E-B226FDF09373}
		{5479C78F-C7F6-4775-B4D8-6C54F2D7C588} = {47A251EB-3F41-40D9-A39E-B226FDF09373}
		{B9B786EC-EA38-41DB-994A-27D38F92E46F} = {D668F007-1CB7-455A-968A-99D96B0D9BCF}
		{EE9C0145-466F-46E6-9D01-568F4604D07A} = {2DE93F54-89A6-4DD1-BE58-339EBBCE4E40}
		{6215E135-E9C3-4DA8-A9D8-11E80C1823A6} = {2DE93F54-89A6-4DD1-BE58-339EBBCE4E40}
		{8A0E3160-3C65-4048-B921-55D65867AA55} = {2DE93F54-89A6-4DD1-BE58-339EBBCE4E40}
		{E5F5215D-8C3B-4130-85D1-114152384AF4} = {2DE93F54-89A6-4DD1-BE58-339EBBCE4E40}
		{E484FE9C-3CF8-4CEB-A543-9A2F9E007D29} = {D668F007-1CB7-455A-968A-99D96B0D9BCF}
	EndGlobalSection
	GlobalSection(ExtensibilityGlobals) = postSolution
		SolutionGuid = {E7E23E82-C774-41ED-B5C3-0FBA0285C61B}
	EndGlobalSection
EndGlobal
